
Microsoft Visual Studio Solution File, Format Version 12.00
# Visual Studio Version 16
VisualStudioVersion = 16.0.31025.194
MinimumVisualStudioVersion = 10.0.40219.1
Project("{2150E333-8FDC-42A3-9474-1A3956D46DE8}") = "src", "src", "{5514BD07-5351-4629-9976-8060781B8DB5}"
EndProject
Project("{9A19103F-16F7-4668-BE54-9A1E7A4F7556}") = "Smiosoft.PASS", "src\Smiosoft.PASS\Smiosoft.PASS.csproj", "{C0B93CEB-CCCB-43D4-9571-510BBCD6704F}"
EndProject
Project("{9A19103F-16F7-4668-BE54-9A1E7A4F7556}") = "Smiosoft.PASS.ServiceBus", "src\Smiosoft.PASS.ServiceBus\Smiosoft.PASS.ServiceBus.csproj", "{5B0DA27F-559B-4AA9-B5AB-D1AF54F13506}"
EndProject
Project("{2150E333-8FDC-42A3-9474-1A3956D46DE8}") = "tests", "tests", "{9567BA38-3228-425B-ACD2-649BDBA82EA3}"
EndProject
Project("{9A19103F-16F7-4668-BE54-9A1E7A4F7556}") = "Smiosoft.PASS.UnitTests", "tests\Smiosoft.PASS.UnitTests\Smiosoft.PASS.UnitTests.csproj", "{DEBBFB79-266C-4515-8909-80B8E2D603ED}"
EndProject
Project("{9A19103F-16F7-4668-BE54-9A1E7A4F7556}") = "Smiosoft.PASS.ServiceBus.UnitTests", "tests\Smiosoft.PASS.ServiceBus.UnitTests\Smiosoft.PASS.ServiceBus.UnitTests.csproj", "{4B832FB2-2BAA-4AD6-8D24-659B751CAB51}"
EndProject
Project("{9A19103F-16F7-4668-BE54-9A1E7A4F7556}") = "Smiosoft.PASS.RabbitMQ", "src\Smiosoft.PASS.RabbitMQ\Smiosoft.PASS.RabbitMQ.csproj", "{1C4002D3-DCE6-41F6-9172-398C80033EA5}"
EndProject
Project("{FAE04EC0-301F-11D3-BF4B-00C04F79EFBC}") = "Smiosoft.PASS.RabbitMQ.UnitTests", "tests\Smiosoft.PASS.RabbitMQ.UnitTests\Smiosoft.PASS.RabbitMQ.UnitTests.csproj", "{2E09A430-1F58-4295-9C68-D08E519EEB24}"
EndProject
Global
	GlobalSection(SolutionConfigurationPlatforms) = preSolution
		Debug|Any CPU = Debug|Any CPU
		Release|Any CPU = Release|Any CPU
	EndGlobalSection
	GlobalSection(ProjectConfigurationPlatforms) = postSolution
		{C0B93CEB-CCCB-43D4-9571-510BBCD6704F}.Debug|Any CPU.ActiveCfg = Debug|Any CPU
		{C0B93CEB-CCCB-43D4-9571-510BBCD6704F}.Debug|Any CPU.Build.0 = Debug|Any CPU
		{C0B93CEB-CCCB-43D4-9571-510BBCD6704F}.Release|Any CPU.ActiveCfg = Release|Any CPU
		{C0B93CEB-CCCB-43D4-9571-510BBCD6704F}.Release|Any CPU.Build.0 = Release|Any CPU
		{5B0DA27F-559B-4AA9-B5AB-D1AF54F13506}.Debug|Any CPU.ActiveCfg = Debug|Any CPU
		{5B0DA27F-559B-4AA9-B5AB-D1AF54F13506}.Debug|Any CPU.Build.0 = Debug|Any CPU
		{5B0DA27F-559B-4AA9-B5AB-D1AF54F13506}.Release|Any CPU.ActiveCfg = Release|Any CPU
		{5B0DA27F-559B-4AA9-B5AB-D1AF54F13506}.Release|Any CPU.Build.0 = Release|Any CPU
		{DEBBFB79-266C-4515-8909-80B8E2D603ED}.Debug|Any CPU.ActiveCfg = Debug|Any CPU
		{DEBBFB79-266C-4515-8909-80B8E2D603ED}.Debug|Any CPU.Build.0 = Debug|Any CPU
		{DEBBFB79-266C-4515-8909-80B8E2D603ED}.Release|Any CPU.ActiveCfg = Release|Any CPU
		{DEBBFB79-266C-4515-8909-80B8E2D603ED}.Release|Any CPU.Build.0 = Release|Any CPU
		{4B832FB2-2BAA-4AD6-8D24-659B751CAB51}.Debug|Any CPU.ActiveCfg = Debug|Any CPU
		{4B832FB2-2BAA-4AD6-8D24-659B751CAB51}.Debug|Any CPU.Build.0 = Debug|Any CPU
		{4B832FB2-2BAA-4AD6-8D24-659B751CAB51}.Release|Any CPU.ActiveCfg = Release|Any CPU
		{4B832FB2-2BAA-4AD6-8D24-659B751CAB51}.Release|Any CPU.Build.0 = Release|Any CPU
		{1C4002D3-DCE6-41F6-9172-398C80033EA5}.Debug|Any CPU.ActiveCfg = Debug|Any CPU
		{1C4002D3-DCE6-41F6-9172-398C80033EA5}.Debug|Any CPU.Build.0 = Debug|Any CPU
		{1C4002D3-DCE6-41F6-9172-398C80033EA5}.Release|Any CPU.ActiveCfg = Release|Any CPU
		{1C4002D3-DCE6-41F6-9172-398C80033EA5}.Release|Any CPU.Build.0 = Release|Any CPU
		{2E09A430-1F58-4295-9C68-D08E519EEB24}.Debug|Any CPU.ActiveCfg = Debug|Any CPU
		{2E09A430-1F58-4295-9C68-D08E519EEB24}.Debug|Any CPU.Build.0 = Debug|Any CPU
		{2E09A430-1F58-4295-9C68-D08E519EEB24}.Release|Any CPU.ActiveCfg = Release|Any CPU
		{2E09A430-1F58-4295-9C68-D08E519EEB24}.Release|Any CPU.Build.0 = Release|Any CPU
	EndGlobalSection
	GlobalSection(SolutionProperties) = preSolution
		HideSolutionNode = FALSE
	EndGlobalSection
	GlobalSection(NestedProjects) = preSolution
		{C0B93CEB-CCCB-43D4-9571-510BBCD6704F} = {5514BD07-5351-4629-9976-8060781B8DB5}
		{5B0DA27F-559B-4AA9-B5AB-D1AF54F13506} = {5514BD07-5351-4629-9976-8060781B8DB5}
		{DEBBFB79-266C-4515-8909-80B8E2D603ED} = {9567BA38-3228-425B-ACD2-649BDBA82EA3}
		{4B832FB2-2BAA-4AD6-8D24-659B751CAB51} = {9567BA38-3228-425B-ACD2-649BDBA82EA3}
		{1C4002D3-DCE6-41F6-9172-398C80033EA5} = {5514BD07-5351-4629-9976-8060781B8DB5}
		{2E09A430-1F58-4295-9C68-D08E519EEB24} = {9567BA38-3228-425B-ACD2-649BDBA82EA3}
	EndGlobalSection
	GlobalSection(ExtensibilityGlobals) = postSolution
		SolutionGuid = {0D19ABE4-9919-4964-B04F-CC71E5D10229}
	EndGlobalSection
EndGlobal
